<?xml version="1.0" encoding="UTF-8" standalone="yes" ?>
<CodeBlocks_project_file>
	<FileVersion major="1" minor="6" />
	<Project>
		<Option title="Employeev1" />
		<Option pch_mode="2" />
		<Option compiler="gcc" />
		<Build>
			<Target title="Debug">
				<Option output="bin/Debug/Employeev1" prefix_auto="1" extension_auto="1" />
				<Option object_output="obj/Debug/" />
				<Option type="1" />
				<Option compiler="gcc" />
				<Compiler>
					<Add option="-g" />
				</Compiler>
			</Target>
			<Target title="Release">
				<Option output="bin/Release/Employeev1" prefix_auto="1" extension_auto="1" />
				<Option object_output="obj/Release/" />
				<Option type="1" />
				<Option compiler="gcc" />
				<Compiler>
					<Add option="-O2" />
				</Compiler>
				<Linker>
					<Add option="-s" />
				</Linker>
			</Target>
		</Build>
		<Compiler>
			<Add option="-Wall" />
		</Compiler>
		<Unit filename="../EmployeePayload/employeeNode.c">
			<Option compilerVar="CC" />
		</Unit>
		<Unit filename="../EmployeePayload/employeeNode.h" />
		<Unit filename="../LinkedList/linkedlist.c">
			<Option compilerVar="CC" />
		</Unit>
		<Unit filename="../LinkedList/linkedlist.h" />
		<Unit filename="../Node/node.c">
			<Option compilerVar="CC" />
		</Unit>
		<Unit filename="../Node/node.h" />
		<Unit filename="../Tests/TestEmpLinkedList.c">
			<Option compilerVar="CC" />
		</Unit>
		<Unit filename="../Tests/TestEmpNode.c">
			<Option compilerVar="CC" />
		</Unit>
		<Unit filename="Menus.c">
			<Option compilerVar="CC" />
		</Unit>
		<Unit filename="Menus.h" />
		<Unit filename="main.c">
			<Option compilerVar="CC" />
		</Unit>
		<Extensions>
			<lib_finder disable_auto="1" />
		</Extensions>
	</Project>
</CodeBlocks_project_file>
